
Microsoft Visual Studio Solution File, Format Version 12.00
# Visual Studio Version 17
VisualStudioVersion = 17.4.33213.308
MinimumVisualStudioVersion = 10.0.40219.1
Project("{FAE04EC0-301F-11D3-BF4B-00C04F79EFBC}") = "Ejemplo1", "Ejemplo1\Ejemplo1.csproj", "{F201BCD8-DA72-4339-AF77-69D638373C3B}"
EndProject
Project("{FAE04EC0-301F-11D3-BF4B-00C04F79EFBC}") = "Ejemplo2", "Ejemplo2\Ejemplo2.csproj", "{5F8375EC-D430-4E2E-BFB5-1085389A602B}"
EndProject
Global
	GlobalSection(SolutionConfigurationPlatforms) = preSolution
		Debug|Any CPU = Debug|Any CPU
		Release|Any CPU = Release|Any CPU
	EndGlobalSection
	GlobalSection(ProjectConfigurationPlatforms) = postSolution
		{F201BCD8-DA72-4339-AF77-69D638373C3B}.Debug|Any CPU.ActiveCfg = Debug|Any CPU
		{F201BCD8-DA72-4339-AF77-69D638373C3B}.Debug|Any CPU.Build.0 = Debug|Any CPU
		{F201BCD8-DA72-4339-AF77-69D638373C3B}.Release|Any CPU.ActiveCfg = Release|Any CPU
		{F201BCD8-DA72-4339-AF77-69D638373C3B}.Release|Any CPU.Build.0 = Release|Any CPU
		{5F8375EC-D430-4E2E-BFB5-1085389A602B}.Debug|Any CPU.ActiveCfg = Debug|Any CPU
		{5F8375EC-D430-4E2E-BFB5-1085389A602B}.Debug|Any CPU.Build.0 = Debug|Any CPU
		{5F8375EC-D430-4E2E-BFB5-1085389A602B}.Release|Any CPU.ActiveCfg = Release|Any CPU
		{5F8375EC-D430-4E2E-BFB5-1085389A602B}.Release|Any CPU.Build.0 = Release|Any CPU
	EndGlobalSection
	GlobalSection(SolutionProperties) = preSolution
		HideSolutionNode = FALSE
	EndGlobalSection
	GlobalSection(ExtensibilityGlobals) = postSolution
		SolutionGuid = {FE0A3FDB-1512-406D-A068-72408D669A49}
	EndGlobalSection
EndGlobal
